// !$*UTF8*$!
{
	archiveVersion = 1;
	classes = {
	};
	objectVersion = 46;
	objects = {

/* Begin PBXBuildFile section */
		FCA864471F45247800B21B66 /* AppDelegate.m in Sources */ = {isa = PBXBuildFile; fileRef = FCA864461F45247800B21B66 /* AppDelegate.m */; };
		FCA8644A1F45247800B21B66 /* main.m in Sources */ = {isa = PBXBuildFile; fileRef = FCA864491F45247800B21B66 /* main.m */; };
		FCA8644D1F45247800B21B66 /* ViewController.m in Sources */ = {isa = PBXBuildFile; fileRef = FCA8644C1F45247800B21B66 /* ViewController.m */; };
		FCA8644F1F45247800B21B66 /* Assets.xcassets in Resources */ = {isa = PBXBuildFile; fileRef = FCA8644E1F45247800B21B66 /* Assets.xcassets */; };
		FCA864521F45247800B21B66 /* Main.storyboard in Resources */ = {isa = PBXBuildFile; fileRef = FCA864501F45247800B21B66 /* Main.storyboard */; };
		FCA8645D1F45247800B21B66 /* BUPTLoginTests.m in Sources */ = {isa = PBXBuildFile; fileRef = FCA8645C1F45247800B21B66 /* BUPTLoginTests.m */; };
		FCA864681F45247800B21B66 /* BUPTLoginUITests.m in Sources */ = {isa = PBXBuildFile; fileRef = FCA864671F45247800B21B66 /* BUPTLoginUITests.m */; };
/* End PBXBuildFile section */

/* Begin PBXContainerItemProxy section */
		FCA864591F45247800B21B66 /* PBXContainerItemProxy */ = {
			isa = PBXContainerItemProxy;
			containerPortal = FCA8643A1F45247800B21B66 /* Project object */;
			proxyType = 1;
			remoteGlobalIDString = FCA864411F45247800B21B66;
			remoteInfo = BUPTLogin;
		};
		FCA864641F45247800B21B66 /* PBXContainerItemProxy */ = {
			isa = PBXContainerItemProxy;
			containerPortal = FCA8643A1F45247800B21B66 /* Project object */;
			proxyType = 1;
			remoteGlobalIDString = FCA864411F45247800B21B66;
			remoteInfo = BUPTLogin;
		};
/* End PBXContainerItemProxy section */

/* Begin PBXFileReference section */
		FCA864421F45247800B21B66 /* BUPTLogin.app */ = {isa = PBXFileReference; explicitFileType = wrapper.application; includeInIndex = 0; path = BUPTLogin.app; sourceTree = BUILT_PRODUCTS_DIR; };
		FCA864451F45247800B21B66 /* AppDelegate.h */ = {isa = PBXFileReference; lastKnownFileType = sourcecode.c.h; path = AppDelegate.h; sourceTree = "<group>"; };
		FCA864461F45247800B21B66 /* AppDelegate.m */ = {isa = PBXFileReference; lastKnownFileType = sourcecode.c.objc; path = AppDelegate.m; sourceTree = "<group>"; };
		FCA864491F45247800B21B66 /* main.m */ = {isa = PBXFileReference; lastKnownFileType = sourcecode.c.objc; path = main.m; sourceTree = "<group>"; };
		FCA8644B1F45247800B21B66 /* ViewController.h */ = {isa = PBXFileReference; lastKnownFileType = sourcecode.c.h; path = ViewController.h; sourceTree = "<group>"; };
		FCA8644C1F45247800B21B66 /* ViewController.m */ = {isa = PBXFileReference; lastKnownFileType = sourcecode.c.objc; path = ViewController.m; sourceTree = "<group>"; };
		FCA8644E1F45247800B21B66 /* Assets.xcassets */ = {isa = PBXFileReference; lastKnownFileType = folder.assetcatalog; path = Assets.xcassets; sourceTree = "<group>"; };
		FCA864511F45247800B21B66 /* Base */ = {isa = PBXFileReference; lastKnownFileType = file.storyboard; name = Base; path = Base.lproj/Main.storyboard; sourceTree = "<group>"; };
		FCA864531F45247800B21B66 /* Info.plist */ = {isa = PBXFileReference; lastKnownFileType = text.plist.xml; path = Info.plist; sourceTree = "<group>"; };
		FCA864581F45247800B21B66 /* BUPTLoginTests.xctest */ = {isa = PBXFileReference; explicitFileType = wrapper.cfbundle; includeInIndex = 0; path = BUPTLoginTests.xctest; sourceTree = BUILT_PRODUCTS_DIR; };
		FCA8645C1F45247800B21B66 /* BUPTLoginTests.m */ = {isa = PBXFileReference; lastKnownFileType = sourcecode.c.objc; path = BUPTLoginTests.m; sourceTree = "<group>"; };
		FCA8645E1F45247800B21B66 /* Info.plist */ = {isa = PBXFileReference; lastKnownFileType = text.plist.xml; path = Info.plist; sourceTree = "<group>"; };
		FCA864631F45247800B21B66 /* BUPTLoginUITests.xctest */ = {isa = PBXFileReference; explicitFileType = wrapper.cfbundle; includeInIndex = 0; path = BUPTLoginUITests.xctest; sourceTree = BUILT_PRODUCTS_DIR; };
		FCA864671F45247800B21B66 /* BUPTLoginUITests.m */ = {isa = PBXFileReference; lastKnownFileType = sourcecode.c.objc; path = BUPTLoginUITests.m; sourceTree = "<group>"; };
		FCA864691F45247800B21B66 /* Info.plist */ = {isa = PBXFileReference; lastKnownFileType = text.plist.xml; path = Info.plist; sourceTree = "<group>"; };
/* End PBXFileReference section */

/* Begin PBXFrameworksBuildPhase section */
		FCA8643F1F45247800B21B66 /* Frameworks */ = {
			isa = PBXFrameworksBuildPhase;
			buildActionMask = 2147483647;
			files = (
			);
			runOnlyForDeploymentPostprocessing = 0;
		};
		FCA864551F45247800B21B66 /* Frameworks */ = {
			isa = PBXFrameworksBuildPhase;
			buildActionMask = 2147483647;
			files = (
			);
			runOnlyForDeploymentPostprocessing = 0;
		};
		FCA864601F45247800B21B66 /* Frameworks */ = {
			isa = PBXFrameworksBuildPhase;
			buildActionMask = 2147483647;
			files = (
			);
			runOnlyForDeploymentPostprocessing = 0;
		};
/* End PBXFrameworksBuildPhase section */

/* Begin PBXGroup section */
		FCA864391F45247800B21B66 = {
			isa = PBXGroup;
			children = (
				FCA864441F45247800B21B66 /* BUPTLogin */,
				FCA8645B1F45247800B21B66 /* BUPTLoginTests */,
				FCA864661F45247800B21B66 /* BUPTLoginUITests */,
				FCA864431F45247800B21B66 /* Products */,
			);
			sourceTree = "<group>";
		};
		FCA864431F45247800B21B66 /* Products */ = {
			isa = PBXGroup;
			children = (
				FCA864421F45247800B21B66 /* BUPTLogin.app */,
				FCA864581F45247800B21B66 /* BUPTLoginTests.xctest */,
				FCA864631F45247800B21B66 /* BUPTLoginUITests.xctest */,
			);
			name = Products;
			sourceTree = "<group>";
		};
		FCA864441F45247800B21B66 /* BUPTLogin */ = {
			isa = PBXGroup;
			children = (
				FCA864451F45247800B21B66 /* AppDelegate.h */,
				FCA864461F45247800B21B66 /* AppDelegate.m */,
				FCA8644B1F45247800B21B66 /* ViewController.h */,
				FCA8644C1F45247800B21B66 /* ViewController.m */,
				FCA8644E1F45247800B21B66 /* Assets.xcassets */,
				FCA864501F45247800B21B66 /* Main.storyboard */,
				FCA864531F45247800B21B66 /* Info.plist */,
				FCA864481F45247800B21B66 /* Supporting Files */,
			);
			path = BUPTLogin;
			sourceTree = "<group>";
		};
		FCA864481F45247800B21B66 /* Supporting Files */ = {
			isa = PBXGroup;
			children = (
				FCA864491F45247800B21B66 /* main.m */,
			);
			name = "Supporting Files";
			sourceTree = "<group>";
		};
		FCA8645B1F45247800B21B66 /* BUPTLoginTests */ = {
			isa = PBXGroup;
			children = (
				FCA8645C1F45247800B21B66 /* BUPTLoginTests.m */,
				FCA8645E1F45247800B21B66 /* Info.plist */,
			);
			path = BUPTLoginTests;
			sourceTree = "<group>";
		};
		FCA864661F45247800B21B66 /* BUPTLoginUITests */ = {
			isa = PBXGroup;
			children = (
				FCA864671F45247800B21B66 /* BUPTLoginUITests.m */,
				FCA864691F45247800B21B66 /* Info.plist */,
			);
			path = BUPTLoginUITests;
			sourceTree = "<group>";
		};
/* End PBXGroup section */

/* Begin PBXNativeTarget section */
		FCA864411F45247800B21B66 /* BUPTLogin */ = {
			isa = PBXNativeTarget;
			buildConfigurationList = FCA8646C1F45247800B21B66 /* Build configuration list for PBXNativeTarget "BUPTLogin" */;
			buildPhases = (
				FCA8643E1F45247800B21B66 /* Sources */,
				FCA8643F1F45247800B21B66 /* Frameworks */,
				FCA864401F45247800B21B66 /* Resources */,
			);
			buildRules = (
			);
			dependencies = (
			);
			name = BUPTLogin;
			productName = BUPTLogin;
			productReference = FCA864421F45247800B21B66 /* BUPTLogin.app */;
			productType = "com.apple.product-type.application";
		};
		FCA864571F45247800B21B66 /* BUPTLoginTests */ = {
			isa = PBXNativeTarget;
			buildConfigurationList = FCA8646F1F45247800B21B66 /* Build configuration list for PBXNativeTarget "BUPTLoginTests" */;
			buildPhases = (
				FCA864541F45247800B21B66 /* Sources */,
				FCA864551F45247800B21B66 /* Frameworks */,
				FCA864561F45247800B21B66 /* Resources */,
			);
			buildRules = (
			);
			dependencies = (
				FCA8645A1F45247800B21B66 /* PBXTargetDependency */,
			);
			name = BUPTLoginTests;
			productName = BUPTLoginTests;
			productReference = FCA864581F45247800B21B66 /* BUPTLoginTests.xctest */;
			productType = "com.apple.product-type.bundle.unit-test";
		};
		FCA864621F45247800B21B66 /* BUPTLoginUITests */ = {
			isa = PBXNativeTarget;
			buildConfigurationList = FCA864721F45247800B21B66 /* Build configuration list for PBXNativeTarget "BUPTLoginUITests" */;
			buildPhases = (
				FCA8645F1F45247800B21B66 /* Sources */,
				FCA864601F45247800B21B66 /* Frameworks */,
				FCA864611F45247800B21B66 /* Resources */,
			);
			buildRules = (
			);
			dependencies = (
				FCA864651F45247800B21B66 /* PBXTargetDependency */,
			);
			name = BUPTLoginUITests;
			productName = BUPTLoginUITests;
			productReference = FCA864631F45247800B21B66 /* BUPTLoginUITests.xctest */;
			productType = "com.apple.product-type.bundle.ui-testing";
		};
/* End PBXNativeTarget section */

/* Begin PBXProject section */
		FCA8643A1F45247800B21B66 /* Project object */ = {
			isa = PBXProject;
			attributes = {
				LastUpgradeCheck = 0830;
				ORGANIZATIONNAME = "王一凡";
				TargetAttributes = {
					FCA864411F45247800B21B66 = {
						CreatedOnToolsVersion = 8.3.3;
						DevelopmentTeam = L7BUMJA3J4;
						ProvisioningStyle = Automatic;
					};
					FCA864571F45247800B21B66 = {
						CreatedOnToolsVersion = 8.3.3;
						DevelopmentTeam = L7BUMJA3J4;
						ProvisioningStyle = Automatic;
						TestTargetID = FCA864411F45247800B21B66;
					};
					FCA864621F45247800B21B66 = {
						CreatedOnToolsVersion = 8.3.3;
						DevelopmentTeam = L7BUMJA3J4;
						ProvisioningStyle = Automatic;
						TestTargetID = FCA864411F45247800B21B66;
					};
				};
			};
			buildConfigurationList = FCA8643D1F45247800B21B66 /* Build configuration list for PBXProject "BUPTLogin" */;
			compatibilityVersion = "Xcode 3.2";
			developmentRegion = English;
			hasScannedForEncodings = 0;
			knownRegions = (
				en,
				Base,
			);
			mainGroup = FCA864391F45247800B21B66;
			productRefGroup = FCA864431F45247800B21B66 /* Products */;
			projectDirPath = "";
			projectRoot = "";
			targets = (
				FCA864411F45247800B21B66 /* BUPTLogin */,
				FCA864571F45247800B21B66 /* BUPTLoginTests */,
				FCA864621F45247800B21B66 /* BUPTLoginUITests */,
			);
		};
/* End PBXProject section */

/* Begin PBXResourcesBuildPhase section */
		FCA864401F45247800B21B66 /* Resources */ = {
			isa = PBXResourcesBuildPhase;
			buildActionMask = 2147483647;
			files = (
				FCA8644F1F45247800B21B66 /* Assets.xcassets in Resources */,
				FCA864521F45247800B21B66 /* Main.storyboard in Resources */,
			);
			runOnlyForDeploymentPostprocessing = 0;
		};
		FCA864561F45247800B21B66 /* Resources */ = {
			isa = PBXResourcesBuildPhase;
			buildActionMask = 2147483647;
			files = (
			);
			runOnlyForDeploymentPostprocessing = 0;
		};
		FCA864611F45247800B21B66 /* Resources */ = {
			isa = PBXResourcesBuildPhase;
			buildActionMask = 2147483647;
			files = (
			);
			runOnlyForDeploymentPostprocessing = 0;
		};
/* End PBXResourcesBuildPhase section */

/* Begin PBXSourcesBuildPhase section */
		FCA8643E1F45247800B21B66 /* Sources */ = {
			isa = PBXSourcesBuildPhase;
			buildActionMask = 2147483647;
			files = (
				FCA8644D1F45247800B21B66 /* ViewController.m in Sources */,
				FCA8644A1F45247800B21B66 /* main.m in Sources */,
				FCA864471F45247800B21B66 /* AppDelegate.m in Sources */,
			);
			runOnlyForDeploymentPostprocessing = 0;
		};
		FCA864541F45247800B21B66 /* Sources */ = {
			isa = PBXSourcesBuildPhase;
			buildActionMask = 2147483647;
			files = (
				FCA8645D1F45247800B21B66 /* BUPTLoginTests.m in Sources */,
			);
			runOnlyForDeploymentPostprocessing = 0;
		};
		FCA8645F1F45247800B21B66 /* Sources */ = {
			isa = PBXSourcesBuildPhase;
			buildActionMask = 2147483647;
			files = (
				FCA864681F45247800B21B66 /* BUPTLoginUITests.m in Sources */,
			);
			runOnlyForDeploymentPostprocessing = 0;
		};
/* End PBXSourcesBuildPhase section */

/* Begin PBXTargetDependency section */
		FCA8645A1F45247800B21B66 /* PBXTargetDependency */ = {
			isa = PBXTargetDependency;
			target = FCA864411F45247800B21B66 /* BUPTLogin */;
			targetProxy = FCA864591F45247800B21B66 /* PBXContainerItemProxy */;
		};
		FCA864651F45247800B21B66 /* PBXTargetDependency */ = {
			isa = PBXTargetDependency;
			target = FCA864411F45247800B21B66 /* BUPTLogin */;
			targetProxy = FCA864641F45247800B21B66 /* PBXContainerItemProxy */;
		};
/* End PBXTargetDependency section */

/* Begin PBXVariantGroup section */
		FCA864501F45247800B21B66 /* Main.storyboard */ = {
			isa = PBXVariantGroup;
			children = (
				FCA864511F45247800B21B66 /* Base */,
			);
			name = Main.storyboard;
			sourceTree = "<group>";
		};
/* End PBXVariantGroup section */

/* Begin XCBuildConfiguration section */
		FCA8646A1F45247800B21B66 /* Debug */ = {
			isa = XCBuildConfiguration;
			buildSettings = {
				ALWAYS_SEARCH_USER_PATHS = NO;
				CLANG_ANALYZER_NONNULL = YES;
				CLANG_ANALYZER_NUMBER_OBJECT_CONVERSION = YES_AGGRESSIVE;
				CLANG_CXX_LANGUAGE_STANDARD = "gnu++0x";
				CLANG_CXX_LIBRARY = "libc++";
				CLANG_ENABLE_MODULES = YES;
				CLANG_ENABLE_OBJC_ARC = YES;
				CLANG_WARN_BOOL_CONVERSION = YES;
				CLANG_WARN_CONSTANT_CONVERSION = YES;
				CLANG_WARN_DIRECT_OBJC_ISA_USAGE = YES_ERROR;
				CLANG_WARN_DOCUMENTATION_COMMENTS = YES;
				CLANG_WARN_EMPTY_BODY = YES;
				CLANG_WARN_ENUM_CONVERSION = YES;
				CLANG_WARN_INFINITE_RECURSION = YES;
				CLANG_WARN_INT_CONVERSION = YES;
				CLANG_WARN_OBJC_ROOT_CLASS = YES_ERROR;
				CLANG_WARN_SUSPICIOUS_MOVE = YES;
				CLANG_WARN_UNREACHABLE_CODE = YES;
				CLANG_WARN__DUPLICATE_METHOD_MATCH = YES;
				CODE_SIGN_IDENTITY = "-";
				COPY_PHASE_STRIP = NO;
				DEBUG_INFORMATION_FORMAT = dwarf;
				ENABLE_STRICT_OBJC_MSGSEND = YES;
				ENABLE_TESTABILITY = YES;
				GCC_C_LANGUAGE_STANDARD = gnu99;
				GCC_DYNAMIC_NO_PIC = NO;
				GCC_NO_COMMON_BLOCKS = YES;
				GCC_OPTIMIZATION_LEVEL = 0;
				GCC_PREPROCESSOR_DEFINITIONS = (
					"DEBUG=1",
					"$(inherited)",
				);
				GCC_WARN_64_TO_32_BIT_CONVERSION = YES;
				GCC_WARN_ABOUT_RETURN_TYPE = YES_ERROR;
				GCC_WARN_UNDECLARED_SELECTOR = YES;
				GCC_WARN_UNINITIALIZED_AUTOS = YES_AGGRESSIVE;
				GCC_WARN_UNUSED_FUNCTION = YES;
				GCC_WARN_UNUSED_VARIABLE = YES;
				MACOSX_DEPLOYMENT_TARGET = 10.12;
				MTL_ENABLE_DEBUG_INFO = YES;
				ONLY_ACTIVE_ARCH = YES;
				SDKROOT = macosx;
			};
			name = Debug;
		};
		FCA8646B1F45247800B21B66 /* Release */ = {
			isa = XCBuildConfiguration;
			buildSettings = {
				ALWAYS_SEARCH_USER_PATHS = NO;
				CLANG_ANALYZER_NONNULL = YES;
				CLANG_ANALYZER_NUMBER_OBJECT_CONVERSION = YES_AGGRESSIVE;
				CLANG_CXX_LANGUAGE_STANDARD = "gnu++0x";
				CLANG_CXX_LIBRARY = "libc++";
				CLANG_ENABLE_MODULES = YES;
				CLANG_ENABLE_OBJC_ARC = YES;
				CLANG_WARN_BOOL_CONVERSION = YES;
				CLANG_WARN_CONSTANT_CONVERSION = YES;
				CLANG_WARN_DIRECT_OBJC_ISA_USAGE = YES_ERROR;
				CLANG_WARN_DOCUMENTATION_COMMENTS = YES;
				CLANG_WARN_EMPTY_BODY = YES;
				CLANG_WARN_ENUM_CONVERSION = YES;
				CLANG_WARN_INFINITE_RECURSION = YES;
				CLANG_WARN_INT_CONVERSION = YES;
				CLANG_WARN_OBJC_ROOT_CLASS = YES_ERROR;
				CLANG_WARN_SUSPICIOUS_MOVE = YES;
				CLANG_WARN_UNREACHABLE_CODE = YES;
				CLANG_WARN__DUPLICATE_METHOD_MATCH = YES;
				CODE_SIGN_IDENTITY = "-";
				COPY_PHASE_STRIP = NO;
				DEBUG_INFORMATION_FORMAT = "dwarf-with-dsym";
				ENABLE_NS_ASSERTIONS = NO;
				ENABLE_STRICT_OBJC_MSGSEND = YES;
				GCC_C_LANGUAGE_STANDARD = gnu99;
				GCC_NO_COMMON_BLOCKS = YES;
				GCC_WARN_64_TO_32_BIT_CONVERSION = YES;
				GCC_WARN_ABOUT_RETURN_TYPE = YES_ERROR;
				GCC_WARN_UNDECLARED_SELECTOR = YES;
				GCC_WARN_UNINITIALIZED_AUTOS = YES_AGGRESSIVE;
				GCC_WARN_UNUSED_FUNCTION = YES;
				GCC_WARN_UNUSED_VARIABLE = YES;
				MACOSX_DEPLOYMENT_TARGET = 10.12;
				MTL_ENABLE_DEBUG_INFO = NO;
				SDKROOT = macosx;
			};
			name = Release;
		};
		FCA8646D1F45247800B21B66 /* Debug */ = {
			isa = XCBuildConfiguration;
			buildSettings = {
				ASSETCATALOG_COMPILER_APPICON_NAME = AppIcon;
				COMBINE_HIDPI_IMAGES = YES;
				DEVELOPMENT_TEAM = L7BUMJA3J4;
				INFOPLIST_FILE = BUPTLogin/Info.plist;
				LD_RUNPATH_SEARCH_PATHS = "$(inherited) @executable_path/../Frameworks";
				PRODUCT_BUNDLE_IDENTIFIER = wyf.BUPTLogin;
				PRODUCT_NAME = "$(TARGET_NAME)";
			};
			name = Debug;
		};
		FCA8646E1F45247800B21B66 /* Release */ = {
			isa = XCBuildConfiguration;
			buildSettings = {
				ASSETCATALOG_COMPILER_APPICON_NAME = AppIcon;
				COMBINE_HIDPI_IMAGES = YES;
				DEVELOPMENT_TEAM = L7BUMJA3J4;
				INFOPLIST_FILE = BUPTLogin/Info.plist;
				LD_RUNPATH_SEARCH_PATHS = "$(inherited) @executable_path/../Frameworks";
				PRODUCT_BUNDLE_IDENTIFIER = wyf.BUPTLogin;
				PRODUCT_NAME = "$(TARGET_NAME)";
			};
			name = Release;
		};
		FCA864701F45247800B21B66 /* Debug */ = {
			isa = XCBuildConfiguration;
			buildSettings = {
				BUNDLE_LOADER = "$(TEST_HOST)";
				COMBINE_HIDPI_IMAGES = YES;
				DEVELOPMENT_TEAM = L7BUMJA3J4;
				INFOPLIST_FILE = BUPTLoginTests/Info.plist;
				LD_RUNPATH_SEARCH_PATHS = "$(inherited) @executable_path/../Frameworks @loader_path/../Frameworks";
				PRODUCT_BUNDLE_IDENTIFIER = wyf.BUPTLoginTests;
				PRODUCT_NAME = "$(TARGET_NAME)";
				TEST_HOST = "$(BUILT_PRODUCTS_DIR)/BUPTLogin.app/Contents/MacOS/BUPTLogin";
			};
			name = Debug;
		};
		FCA864711F45247800B21B66 /* Release */ = {
			isa = XCBuildConfiguration;
			buildSettings = {
				BUNDLE_LOADER = "$(TEST_HOST)";
				COMBINE_HIDPI_IMAGES = YES;
				DEVELOPMENT_TEAM = L7BUMJA3J4;
				INFOPLIST_FILE = BUPTLoginTests/Info.plist;
				LD_RUNPATH_SEARCH_PATHS = "$(inherited) @executable_path/../Frameworks @loader_path/../Frameworks";
				PRODUCT_BUNDLE_IDENTIFIER = wyf.BUPTLoginTests;
				PRODUCT_NAME = "$(TARGET_NAME)";
				TEST_HOST = "$(BUILT_PRODUCTS_DIR)/BUPTLogin.app/Contents/MacOS/BUPTLogin";
			};
			name = Release;
		};
		FCA864731F45247800B21B66 /* Debug */ = {
			isa = XCBuildConfiguration;
			buildSettings = {
				COMBINE_HIDPI_IMAGES = YES;
				DEVELOPMENT_TEAM = L7BUMJA3J4;
				INFOPLIST_FILE = BUPTLoginUITests/Info.plist;
				LD_RUNPATH_SEARCH_PATHS = "$(inherited) @executable_path/../Frameworks @loader_path/../Frameworks";
				PRODUCT_BUNDLE_IDENTIFIER = wyf.BUPTLoginUITests;
				PRODUCT_NAME = "$(TARGET_NAME)";
				TEST_TARGET_NAME = BUPTLogin;
			};
			name = Debug;
		};
		FCA864741F45247800B21B66 /* Release */ = {
			isa = XCBuildConfiguration;
			buildSettings = {
				COMBINE_HIDPI_IMAGES = YES;
				DEVELOPMENT_TEAM = L7BUMJA3J4;
				INFOPLIST_FILE = BUPTLoginUITests/Info.plist;
				LD_RUNPATH_SEARCH_PATHS = "$(inherited) @executable_path/../Frameworks @loader_path/../Frameworks";
				PRODUCT_BUNDLE_IDENTIFIER = wyf.BUPTLoginUITests;
				PRODUCT_NAME = "$(TARGET_NAME)";
				TEST_TARGET_NAME = BUPTLogin;
			};
			name = Release;
		};
/* End XCBuildConfiguration section */

/* Begin XCConfigurationList section */
		FCA8643D1F45247800B21B66 /* Build configuration list for PBXProject "BUPTLogin" */ = {
			isa = XCConfigurationList;
			buildConfigurations = (
				FCA8646A1F45247800B21B66 /* Debug */,
				FCA8646B1F45247800B21B66 /* Release */,
			);
			defaultConfigurationIsVisible = 0;
			defaultConfigurationName = Release;
		};
		FCA8646C1F45247800B21B66 /* Build configuration list for PBXNativeTarget "BUPTLogin" */ = {
			isa = XCConfigurationList;
			buildConfigurations = (
				FCA8646D1F45247800B21B66 /* Debug */,
				FCA8646E1F45247800B21B66 /* Release */,
			);
			defaultConfigurationIsVisible = 0;
		};
		FCA8646F1F45247800B21B66 /* Build configuration list for PBXNativeTarget "BUPTLoginTests" */ = {
			isa = XCConfigurationList;
			buildConfigurations = (
				FCA864701F45247800B21B66 /* Debug */,
				FCA864711F45247800B21B66 /* Release */,
			);
			defaultConfigurationIsVisible = 0;
		};
		FCA864721F45247800B21B66 /* Build configuration list for PBXNativeTarget "BUPTLoginUITests" */ = {
			isa = XCConfigurationList;
			buildConfigurations = (
				FCA864731F45247800B21B66 /* Debug */,
				FCA864741F45247800B21B66 /* Release */,
			);
			defaultConfigurationIsVisible = 0;
		};
/* End XCConfigurationList section */
	};
	rootObject = FCA8643A1F45247800B21B66 /* Project object */;
}
